// !$*UTF8*$!
{
	archiveVersion = 1;
	classes = {
	};
	objectVersion = 51;
	objects = {

/* Begin PBXBuildFile section */
		811DDC10243B9D6A00AA50AC /* AppDelegate.swift in Sources */ = {isa = PBXBuildFile; fileRef = 811DDC0F243B9D6A00AA50AC /* AppDelegate.swift */; };
		811DDC12243B9D6A00AA50AC /* SceneDelegate.swift in Sources */ = {isa = PBXBuildFile; fileRef = 811DDC11243B9D6A00AA50AC /* SceneDelegate.swift */; };
		811DDC19243B9D6B00AA50AC /* Assets.xcassets in Resources */ = {isa = PBXBuildFile; fileRef = 811DDC18243B9D6B00AA50AC /* Assets.xcassets */; };
		811DDC1C243B9D6B00AA50AC /* LaunchScreen.storyboard in Resources */ = {isa = PBXBuildFile; fileRef = 811DDC1A243B9D6B00AA50AC /* LaunchScreen.storyboard */; };
		811DDC26243B9DF400AA50AC /* _.gitignore_ in Resources */ = {isa = PBXBuildFile; fileRef = 811DDC25243B9DF400AA50AC /* _.gitignore_ */; };
		811DDC28243B9E6200AA50AC /* BaseTabBarController.swift in Sources */ = {isa = PBXBuildFile; fileRef = 811DDC27243B9E6200AA50AC /* BaseTabBarController.swift */; };
		811E3A73243BCC3F000DCF63 /* Constants.swift in Sources */ = {isa = PBXBuildFile; fileRef = 811E3A72243BCC3F000DCF63 /* Constants.swift */; };
		811E3A76243BD28B000DCF63 /* AppsSearchController.swift in Sources */ = {isa = PBXBuildFile; fileRef = 811E3A75243BD28B000DCF63 /* AppsSearchController.swift */; };
		814E4B35244484610068F3F3 /* AppsController.swift in Sources */ = {isa = PBXBuildFile; fileRef = 814E4B34244484610068F3F3 /* AppsController.swift */; };
		814E4B372444851D0068F3F3 /* BaseListController.swift in Sources */ = {isa = PBXBuildFile; fileRef = 814E4B362444851D0068F3F3 /* BaseListController.swift */; };
		814E4B3A2444884F0068F3F3 /* AppsGroupCell.swift in Sources */ = {isa = PBXBuildFile; fileRef = 814E4B392444884F0068F3F3 /* AppsGroupCell.swift */; };
		814E4B3C24448AFE0068F3F3 /* UILabel+Ext.swift in Sources */ = {isa = PBXBuildFile; fileRef = 814E4B3B24448AFE0068F3F3 /* UILabel+Ext.swift */; };
		814E4B3E24448E270068F3F3 /* AppsHorizontalController.swift in Sources */ = {isa = PBXBuildFile; fileRef = 814E4B3D24448E270068F3F3 /* AppsHorizontalController.swift */; };
		81563368243E35D8008F0CB4 /* UIView+Layout.swift in Sources */ = {isa = PBXBuildFile; fileRef = 81563367243E35D8008F0CB4 /* UIView+Layout.swift */; };
		8156336C243E3C0B008F0CB4 /* VerticalStackView.swift in Sources */ = {isa = PBXBuildFile; fileRef = 8156336B243E3C0B008F0CB4 /* VerticalStackView.swift */; };
		8156336E243E3E3F008F0CB4 /* HorizontalStackView.swift in Sources */ = {isa = PBXBuildFile; fileRef = 8156336D243E3E3F008F0CB4 /* HorizontalStackView.swift */; };
		81563371243E4A37008F0CB4 /* SearchResult.swift in Sources */ = {isa = PBXBuildFile; fileRef = 81563370243E4A37008F0CB4 /* SearchResult.swift */; };
		81BD00FE243CC5D700CA76FD /* SearchResultCell.swift in Sources */ = {isa = PBXBuildFile; fileRef = 81BD00FD243CC5D700CA76FD /* SearchResultCell.swift */; };
		81CF430424432F0900ECA865 /* Service.swift in Sources */ = {isa = PBXBuildFile; fileRef = 81CF430324432F0900ECA865 /* Service.swift */; };
		81CF43062443317A00ECA865 /* UIViewController+Ext.swift in Sources */ = {isa = PBXBuildFile; fileRef = 81CF43052443317A00ECA865 /* UIViewController+Ext.swift */; };
		E7B0225C54E75D6E61C48376 /* Pods_AppStore_APIs.framework in Frameworks */ = {isa = PBXBuildFile; fileRef = 112CF945B452326A312A22E9 /* Pods_AppStore_APIs.framework */; };
/* End PBXBuildFile section */

/* Begin PBXFileReference section */
		112CF945B452326A312A22E9 /* Pods_AppStore_APIs.framework */ = {isa = PBXFileReference; explicitFileType = wrapper.framework; includeInIndex = 0; path = Pods_AppStore_APIs.framework; sourceTree = BUILT_PRODUCTS_DIR; };
		263BC84DB5FD200C195D5541 /* Pods-AppStore APIs.debug.xcconfig */ = {isa = PBXFileReference; includeInIndex = 1; lastKnownFileType = text.xcconfig; name = "Pods-AppStore APIs.debug.xcconfig"; path = "Target Support Files/Pods-AppStore APIs/Pods-AppStore APIs.debug.xcconfig"; sourceTree = "<group>"; };
		5B575516B72E251F5A03B1F8 /* Pods-AppStore APIs.release.xcconfig */ = {isa = PBXFileReference; includeInIndex = 1; lastKnownFileType = text.xcconfig; name = "Pods-AppStore APIs.release.xcconfig"; path = "Target Support Files/Pods-AppStore APIs/Pods-AppStore APIs.release.xcconfig"; sourceTree = "<group>"; };
		811DDC0C243B9D6A00AA50AC /* AppStore APIs.app */ = {isa = PBXFileReference; explicitFileType = wrapper.application; includeInIndex = 0; path = "AppStore APIs.app"; sourceTree = BUILT_PRODUCTS_DIR; };
		811DDC0F243B9D6A00AA50AC /* AppDelegate.swift */ = {isa = PBXFileReference; lastKnownFileType = sourcecode.swift; path = AppDelegate.swift; sourceTree = "<group>"; };
		811DDC11243B9D6A00AA50AC /* SceneDelegate.swift */ = {isa = PBXFileReference; lastKnownFileType = sourcecode.swift; path = SceneDelegate.swift; sourceTree = "<group>"; };
		811DDC18243B9D6B00AA50AC /* Assets.xcassets */ = {isa = PBXFileReference; lastKnownFileType = folder.assetcatalog; path = Assets.xcassets; sourceTree = "<group>"; };
		811DDC1B243B9D6B00AA50AC /* Base */ = {isa = PBXFileReference; lastKnownFileType = file.storyboard; name = Base; path = Base.lproj/LaunchScreen.storyboard; sourceTree = "<group>"; };
		811DDC1D243B9D6B00AA50AC /* Info.plist */ = {isa = PBXFileReference; lastKnownFileType = text.plist.xml; path = Info.plist; sourceTree = "<group>"; };
		811DDC25243B9DF400AA50AC /* _.gitignore_ */ = {isa = PBXFileReference; lastKnownFileType = text; path = _.gitignore_; sourceTree = "<group>"; };
		811DDC27243B9E6200AA50AC /* BaseTabBarController.swift */ = {isa = PBXFileReference; lastKnownFileType = sourcecode.swift; path = BaseTabBarController.swift; sourceTree = "<group>"; };
		811E3A72243BCC3F000DCF63 /* Constants.swift */ = {isa = PBXFileReference; lastKnownFileType = sourcecode.swift; path = Constants.swift; sourceTree = "<group>"; };
		811E3A75243BD28B000DCF63 /* AppsSearchController.swift */ = {isa = PBXFileReference; lastKnownFileType = sourcecode.swift; path = AppsSearchController.swift; sourceTree = "<group>"; };
		814E4B34244484610068F3F3 /* AppsController.swift */ = {isa = PBXFileReference; lastKnownFileType = sourcecode.swift; path = AppsController.swift; sourceTree = "<group>"; };
		814E4B362444851D0068F3F3 /* BaseListController.swift */ = {isa = PBXFileReference; lastKnownFileType = sourcecode.swift; path = BaseListController.swift; sourceTree = "<group>"; };
		814E4B392444884F0068F3F3 /* AppsGroupCell.swift */ = {isa = PBXFileReference; lastKnownFileType = sourcecode.swift; path = AppsGroupCell.swift; sourceTree = "<group>"; };
		814E4B3B24448AFE0068F3F3 /* UILabel+Ext.swift */ = {isa = PBXFileReference; lastKnownFileType = sourcecode.swift; path = "UILabel+Ext.swift"; sourceTree = "<group>"; };
		814E4B3D24448E270068F3F3 /* AppsHorizontalController.swift */ = {isa = PBXFileReference; lastKnownFileType = sourcecode.swift; path = AppsHorizontalController.swift; sourceTree = "<group>"; };
		81563367243E35D8008F0CB4 /* UIView+Layout.swift */ = {isa = PBXFileReference; lastKnownFileType = sourcecode.swift; path = "UIView+Layout.swift"; sourceTree = "<group>"; };
		8156336B243E3C0B008F0CB4 /* VerticalStackView.swift */ = {isa = PBXFileReference; lastKnownFileType = sourcecode.swift; path = VerticalStackView.swift; sourceTree = "<group>"; };
		8156336D243E3E3F008F0CB4 /* HorizontalStackView.swift */ = {isa = PBXFileReference; lastKnownFileType = sourcecode.swift; path = HorizontalStackView.swift; sourceTree = "<group>"; };
		81563370243E4A37008F0CB4 /* SearchResult.swift */ = {isa = PBXFileReference; lastKnownFileType = sourcecode.swift; path = SearchResult.swift; sourceTree = "<group>"; };
		81BD00FD243CC5D700CA76FD /* SearchResultCell.swift */ = {isa = PBXFileReference; lastKnownFileType = sourcecode.swift; path = SearchResultCell.swift; sourceTree = "<group>"; };
		81CF430324432F0900ECA865 /* Service.swift */ = {isa = PBXFileReference; lastKnownFileType = sourcecode.swift; path = Service.swift; sourceTree = "<group>"; };
		81CF43052443317A00ECA865 /* UIViewController+Ext.swift */ = {isa = PBXFileReference; lastKnownFileType = sourcecode.swift; path = "UIViewController+Ext.swift"; sourceTree = "<group>"; };
/* End PBXFileReference section */

/* Begin PBXFrameworksBuildPhase section */
		811DDC09243B9D6A00AA50AC /* Frameworks */ = {
			isa = PBXFrameworksBuildPhase;
			buildActionMask = 2147483647;
			files = (
				E7B0225C54E75D6E61C48376 /* Pods_AppStore_APIs.framework in Frameworks */,
			);
			runOnlyForDeploymentPostprocessing = 0;
		};
/* End PBXFrameworksBuildPhase section */

/* Begin PBXGroup section */
		205BA27A8C1A4566E28EE256 /* Frameworks */ = {
			isa = PBXGroup;
			children = (
				112CF945B452326A312A22E9 /* Pods_AppStore_APIs.framework */,
			);
			name = Frameworks;
			sourceTree = "<group>";
		};
		811DDC03243B9D6A00AA50AC = {
			isa = PBXGroup;
			children = (
				811DDC25243B9DF400AA50AC /* _.gitignore_ */,
				811DDC0E243B9D6A00AA50AC /* AppStore APIs */,
				811DDC0D243B9D6A00AA50AC /* Products */,
				B046AA3B2BD5EF60F3AE6D27 /* Pods */,
				205BA27A8C1A4566E28EE256 /* Frameworks */,
			);
			sourceTree = "<group>";
		};
		811DDC0D243B9D6A00AA50AC /* Products */ = {
			isa = PBXGroup;
			children = (
				811DDC0C243B9D6A00AA50AC /* AppStore APIs.app */,
			);
			name = Products;
			sourceTree = "<group>";
		};
		811DDC0E243B9D6A00AA50AC /* AppStore APIs */ = {
			isa = PBXGroup;
			children = (
				81CF430224432EFA00ECA865 /* Service */,
				8156336F243E4A1D008F0CB4 /* Models */,
				81563369243E3BD8008F0CB4 /* Helpers */,
				81BD00FC243CC5C300CA76FD /* Views */,
				811E3A74243BD254000DCF63 /* Controllers */,
				811DDC0F243B9D6A00AA50AC /* AppDelegate.swift */,
				811DDC11243B9D6A00AA50AC /* SceneDelegate.swift */,
				811DDC18243B9D6B00AA50AC /* Assets.xcassets */,
				811DDC1A243B9D6B00AA50AC /* LaunchScreen.storyboard */,
				811DDC1D243B9D6B00AA50AC /* Info.plist */,
			);
			path = "AppStore APIs";
			sourceTree = "<group>";
		};
		811E3A74243BD254000DCF63 /* Controllers */ = {
			isa = PBXGroup;
			children = (
				814E4B38244485A80068F3F3 /* Search */,
				814E4B33244484510068F3F3 /* Apps */,
				811DDC27243B9E6200AA50AC /* BaseTabBarController.swift */,
				814E4B362444851D0068F3F3 /* BaseListController.swift */,
			);
			path = Controllers;
			sourceTree = "<group>";
		};
		814E4B33244484510068F3F3 /* Apps */ = {
			isa = PBXGroup;
			children = (
				814E4B34244484610068F3F3 /* AppsController.swift */,
				814E4B3D24448E270068F3F3 /* AppsHorizontalController.swift */,
			);
			path = Apps;
			sourceTree = "<group>";
		};
		814E4B38244485A80068F3F3 /* Search */ = {
			isa = PBXGroup;
			children = (
				811E3A75243BD28B000DCF63 /* AppsSearchController.swift */,
			);
			path = Search;
			sourceTree = "<group>";
		};
		81563366243E356C008F0CB4 /* Extensions */ = {
			isa = PBXGroup;
			children = (
				81563367243E35D8008F0CB4 /* UIView+Layout.swift */,
				81CF43052443317A00ECA865 /* UIViewController+Ext.swift */,
				814E4B3B24448AFE0068F3F3 /* UILabel+Ext.swift */,
			);
			path = Extensions;
			sourceTree = "<group>";
		};
		81563369243E3BD8008F0CB4 /* Helpers */ = {
			isa = PBXGroup;
			children = (
				811E3A72243BCC3F000DCF63 /* Constants.swift */,
				8156336A243E3BF4008F0CB4 /* Views */,
				81563366243E356C008F0CB4 /* Extensions */,
			);
			path = Helpers;
			sourceTree = "<group>";
		};
		8156336A243E3BF4008F0CB4 /* Views */ = {
			isa = PBXGroup;
			children = (
				8156336B243E3C0B008F0CB4 /* VerticalStackView.swift */,
				8156336D243E3E3F008F0CB4 /* HorizontalStackView.swift */,
			);
			path = Views;
			sourceTree = "<group>";
		};
		8156336F243E4A1D008F0CB4 /* Models */ = {
			isa = PBXGroup;
			children = (
				81563370243E4A37008F0CB4 /* SearchResult.swift */,
			);
			path = Models;
			sourceTree = "<group>";
		};
		81BD00FC243CC5C300CA76FD /* Views */ = {
			isa = PBXGroup;
			children = (
				81CF430124432DEA00ECA865 /* Cells */,
			);
			path = Views;
			sourceTree = "<group>";
		};
		81CF430124432DEA00ECA865 /* Cells */ = {
			isa = PBXGroup;
			children = (
				81BD00FD243CC5D700CA76FD /* SearchResultCell.swift */,
				814E4B392444884F0068F3F3 /* AppsGroupCell.swift */,
			);
			path = Cells;
			sourceTree = "<group>";
		};
		81CF430224432EFA00ECA865 /* Service */ = {
			isa = PBXGroup;
			children = (
				81CF430324432F0900ECA865 /* Service.swift */,
			);
			path = Service;
			sourceTree = "<group>";
		};
		B046AA3B2BD5EF60F3AE6D27 /* Pods */ = {
			isa = PBXGroup;
			children = (
				263BC84DB5FD200C195D5541 /* Pods-AppStore APIs.debug.xcconfig */,
				5B575516B72E251F5A03B1F8 /* Pods-AppStore APIs.release.xcconfig */,
			);
			path = Pods;
			sourceTree = "<group>";
		};
/* End PBXGroup section */

/* Begin PBXNativeTarget section */
		811DDC0B243B9D6A00AA50AC /* AppStore APIs */ = {
			isa = PBXNativeTarget;
			buildConfigurationList = 811DDC20243B9D6B00AA50AC /* Build configuration list for PBXNativeTarget "AppStore APIs" */;
			buildPhases = (
				06C8E91735C9E48BD54310B2 /* [CP] Check Pods Manifest.lock */,
				811DDC08243B9D6A00AA50AC /* Sources */,
				811DDC09243B9D6A00AA50AC /* Frameworks */,
				811DDC0A243B9D6A00AA50AC /* Resources */,
				7755D0AD839C5872F7490376 /* [CP] Embed Pods Frameworks */,
			);
			buildRules = (
			);
			dependencies = (
			);
			name = "AppStore APIs";
			productName = "AppStore APIs";
			productReference = 811DDC0C243B9D6A00AA50AC /* AppStore APIs.app */;
			productType = "com.apple.product-type.application";
		};
/* End PBXNativeTarget section */

/* Begin PBXProject section */
		811DDC04243B9D6A00AA50AC /* Project object */ = {
			isa = PBXProject;
			attributes = {
				LastSwiftUpdateCheck = 1140;
				LastUpgradeCheck = 1140;
				ORGANIZATIONNAME = "Elias Myronidis";
				TargetAttributes = {
					811DDC0B243B9D6A00AA50AC = {
						CreatedOnToolsVersion = 11.4;
					};
				};
			};
			buildConfigurationList = 811DDC07243B9D6A00AA50AC /* Build configuration list for PBXProject "AppStore APIs" */;
			compatibilityVersion = "Xcode 9.3";
			developmentRegion = en;
			hasScannedForEncodings = 0;
			knownRegions = (
				en,
				Base,
			);
			mainGroup = 811DDC03243B9D6A00AA50AC;
			productRefGroup = 811DDC0D243B9D6A00AA50AC /* Products */;
			projectDirPath = "";
			projectRoot = "";
			targets = (
				811DDC0B243B9D6A00AA50AC /* AppStore APIs */,
			);
		};
/* End PBXProject section */

/* Begin PBXResourcesBuildPhase section */
		811DDC0A243B9D6A00AA50AC /* Resources */ = {
			isa = PBXResourcesBuildPhase;
			buildActionMask = 2147483647;
			files = (
				811DDC26243B9DF400AA50AC /* _.gitignore_ in Resources */,
				811DDC1C243B9D6B00AA50AC /* LaunchScreen.storyboard in Resources */,
				811DDC19243B9D6B00AA50AC /* Assets.xcassets in Resources */,
			);
			runOnlyForDeploymentPostprocessing = 0;
		};
/* End PBXResourcesBuildPhase section */

/* Begin PBXShellScriptBuildPhase section */
		06C8E91735C9E48BD54310B2 /* [CP] Check Pods Manifest.lock */ = {
			isa = PBXShellScriptBuildPhase;
			buildActionMask = 2147483647;
			files = (
			);
			inputFileListPaths = (
			);
			inputPaths = (
				"${PODS_PODFILE_DIR_PATH}/Podfile.lock",
				"${PODS_ROOT}/Manifest.lock",
			);
			name = "[CP] Check Pods Manifest.lock";
			outputFileListPaths = (
			);
			outputPaths = (
				"$(DERIVED_FILE_DIR)/Pods-AppStore APIs-checkManifestLockResult.txt",
			);
			runOnlyForDeploymentPostprocessing = 0;
			shellPath = /bin/sh;
			shellScript = "diff \"${PODS_PODFILE_DIR_PATH}/Podfile.lock\" \"${PODS_ROOT}/Manifest.lock\" > /dev/null\nif [ $? != 0 ] ; then\n    # print error to STDERR\n    echo \"error: The sandbox is not in sync with the Podfile.lock. Run 'pod install' or update your CocoaPods installation.\" >&2\n    exit 1\nfi\n# This output is used by Xcode 'outputs' to avoid re-running this script phase.\necho \"SUCCESS\" > \"${SCRIPT_OUTPUT_FILE_0}\"\n";
			showEnvVarsInLog = 0;
		};
		7755D0AD839C5872F7490376 /* [CP] Embed Pods Frameworks */ = {
			isa = PBXShellScriptBuildPhase;
			buildActionMask = 2147483647;
			files = (
			);
			inputFileListPaths = (
				"${PODS_ROOT}/Target Support Files/Pods-AppStore APIs/Pods-AppStore APIs-frameworks-${CONFIGURATION}-input-files.xcfilelist",
			);
			name = "[CP] Embed Pods Frameworks";
			outputFileListPaths = (
				"${PODS_ROOT}/Target Support Files/Pods-AppStore APIs/Pods-AppStore APIs-frameworks-${CONFIGURATION}-output-files.xcfilelist",
			);
			runOnlyForDeploymentPostprocessing = 0;
			shellPath = /bin/sh;
			shellScript = "\"${PODS_ROOT}/Target Support Files/Pods-AppStore APIs/Pods-AppStore APIs-frameworks.sh\"\n";
			showEnvVarsInLog = 0;
		};
/* End PBXShellScriptBuildPhase section */

/* Begin PBXSourcesBuildPhase section */
		811DDC08243B9D6A00AA50AC /* Sources */ = {
			isa = PBXSourcesBuildPhase;
			buildActionMask = 2147483647;
			files = (
				811DDC28243B9E6200AA50AC /* BaseTabBarController.swift in Sources */,
				811DDC10243B9D6A00AA50AC /* AppDelegate.swift in Sources */,
				81CF43062443317A00ECA865 /* UIViewController+Ext.swift in Sources */,
				81563371243E4A37008F0CB4 /* SearchResult.swift in Sources */,
				814E4B3A2444884F0068F3F3 /* AppsGroupCell.swift in Sources */,
				811DDC12243B9D6A00AA50AC /* SceneDelegate.swift in Sources */,
				814E4B3C24448AFE0068F3F3 /* UILabel+Ext.swift in Sources */,
				811E3A76243BD28B000DCF63 /* AppsSearchController.swift in Sources */,
				81BD00FE243CC5D700CA76FD /* SearchResultCell.swift in Sources */,
				8156336C243E3C0B008F0CB4 /* VerticalStackView.swift in Sources */,
				814E4B35244484610068F3F3 /* AppsController.swift in Sources */,
				8156336E243E3E3F008F0CB4 /* HorizontalStackView.swift in Sources */,
				814E4B3E24448E270068F3F3 /* AppsHorizontalController.swift in Sources */,
				814E4B372444851D0068F3F3 /* BaseListController.swift in Sources */,
				81CF430424432F0900ECA865 /* Service.swift in Sources */,
				81563368243E35D8008F0CB4 /* UIView+Layout.swift in Sources */,
				811E3A73243BCC3F000DCF63 /* Constants.swift in Sources */,
			);
			runOnlyForDeploymentPostprocessing = 0;
		};
/* End PBXSourcesBuildPhase section */

/* Begin PBXVariantGroup section */
		811DDC1A243B9D6B00AA50AC /* LaunchScreen.storyboard */ = {
			isa = PBXVariantGroup;
			children = (
				811DDC1B243B9D6B00AA50AC /* Base */,
			);
			name = LaunchScreen.storyboard;
			sourceTree = "<group>";
		};
/* End PBXVariantGroup section */

/* Begin XCBuildConfiguration section */
		811DDC1E243B9D6B00AA50AC /* Debug */ = {
			isa = XCBuildConfiguration;
			buildSettings = {
				ALWAYS_SEARCH_USER_PATHS = NO;
				CLANG_ANALYZER_NONNULL = YES;
				CLANG_ANALYZER_NUMBER_OBJECT_CONVERSION = YES_AGGRESSIVE;
				CLANG_CXX_LANGUAGE_STANDARD = "gnu++14";
				CLANG_CXX_LIBRARY = "libc++";
				CLANG_ENABLE_MODULES = YES;
				CLANG_ENABLE_OBJC_ARC = YES;
				CLANG_ENABLE_OBJC_WEAK = YES;
				CLANG_WARN_BLOCK_CAPTURE_AUTORELEASING = YES;
				CLANG_WARN_BOOL_CONVERSION = YES;
				CLANG_WARN_COMMA = YES;
				CLANG_WARN_CONSTANT_CONVERSION = YES;
				CLANG_WARN_DEPRECATED_OBJC_IMPLEMENTATIONS = YES;
				CLANG_WARN_DIRECT_OBJC_ISA_USAGE = YES_ERROR;
				CLANG_WARN_DOCUMENTATION_COMMENTS = YES;
				CLANG_WARN_EMPTY_BODY = YES;
				CLANG_WARN_ENUM_CONVERSION = YES;
				CLANG_WARN_INFINITE_RECURSION = YES;
				CLANG_WARN_INT_CONVERSION = YES;
				CLANG_WARN_NON_LITERAL_NULL_CONVERSION = YES;
				CLANG_WARN_OBJC_IMPLICIT_RETAIN_SELF = YES;
				CLANG_WARN_OBJC_LITERAL_CONVERSION = YES;
				CLANG_WARN_OBJC_ROOT_CLASS = YES_ERROR;
				CLANG_WARN_RANGE_LOOP_ANALYSIS = YES;
				CLANG_WARN_STRICT_PROTOTYPES = YES;
				CLANG_WARN_SUSPICIOUS_MOVE = YES;
				CLANG_WARN_UNGUARDED_AVAILABILITY = YES_AGGRESSIVE;
				CLANG_WARN_UNREACHABLE_CODE = YES;
				CLANG_WARN__DUPLICATE_METHOD_MATCH = YES;
				COPY_PHASE_STRIP = NO;
				DEBUG_INFORMATION_FORMAT = dwarf;
				ENABLE_STRICT_OBJC_MSGSEND = YES;
				ENABLE_TESTABILITY = YES;
				GCC_C_LANGUAGE_STANDARD = gnu11;
				GCC_DYNAMIC_NO_PIC = NO;
				GCC_NO_COMMON_BLOCKS = YES;
				GCC_OPTIMIZATION_LEVEL = 0;
				GCC_PREPROCESSOR_DEFINITIONS = (
					"DEBUG=1",
					"$(inherited)",
				);
				GCC_WARN_64_TO_32_BIT_CONVERSION = YES;
				GCC_WARN_ABOUT_RETURN_TYPE = YES_ERROR;
				GCC_WARN_UNDECLARED_SELECTOR = YES;
				GCC_WARN_UNINITIALIZED_AUTOS = YES_AGGRESSIVE;
				GCC_WARN_UNUSED_FUNCTION = YES;
				GCC_WARN_UNUSED_VARIABLE = YES;
				IPHONEOS_DEPLOYMENT_TARGET = 13.4;
				MTL_ENABLE_DEBUG_INFO = INCLUDE_SOURCE;
				MTL_FAST_MATH = YES;
				ONLY_ACTIVE_ARCH = YES;
				SDKROOT = iphoneos;
				SWIFT_ACTIVE_COMPILATION_CONDITIONS = DEBUG;
				SWIFT_OPTIMIZATION_LEVEL = "-Onone";
			};
			name = Debug;
		};
		811DDC1F243B9D6B00AA50AC /* Release */ = {
			isa = XCBuildConfiguration;
			buildSettings = {
				ALWAYS_SEARCH_USER_PATHS = NO;
				CLANG_ANALYZER_NONNULL = YES;
				CLANG_ANALYZER_NUMBER_OBJECT_CONVERSION = YES_AGGRESSIVE;
				CLANG_CXX_LANGUAGE_STANDARD = "gnu++14";
				CLANG_CXX_LIBRARY = "libc++";
				CLANG_ENABLE_MODULES = YES;
				CLANG_ENABLE_OBJC_ARC = YES;
				CLANG_ENABLE_OBJC_WEAK = YES;
				CLANG_WARN_BLOCK_CAPTURE_AUTORELEASING = YES;
				CLANG_WARN_BOOL_CONVERSION = YES;
				CLANG_WARN_COMMA = YES;
				CLANG_WARN_CONSTANT_CONVERSION = YES;
				CLANG_WARN_DEPRECATED_OBJC_IMPLEMENTATIONS = YES;
				CLANG_WARN_DIRECT_OBJC_ISA_USAGE = YES_ERROR;
				CLANG_WARN_DOCUMENTATION_COMMENTS = YES;
				CLANG_WARN_EMPTY_BODY = YES;
				CLANG_WARN_ENUM_CONVERSION = YES;
				CLANG_WARN_INFINITE_RECURSION = YES;
				CLANG_WARN_INT_CONVERSION = YES;
				CLANG_WARN_NON_LITERAL_NULL_CONVERSION = YES;
				CLANG_WARN_OBJC_IMPLICIT_RETAIN_SELF = YES;
				CLANG_WARN_OBJC_LITERAL_CONVERSION = YES;
				CLANG_WARN_OBJC_ROOT_CLASS = YES_ERROR;
				CLANG_WARN_RANGE_LOOP_ANALYSIS = YES;
				CLANG_WARN_STRICT_PROTOTYPES = YES;
				CLANG_WARN_SUSPICIOUS_MOVE = YES;
				CLANG_WARN_UNGUARDED_AVAILABILITY = YES_AGGRESSIVE;
				CLANG_WARN_UNREACHABLE_CODE = YES;
				CLANG_WARN__DUPLICATE_METHOD_MATCH = YES;
				COPY_PHASE_STRIP = NO;
				DEBUG_INFORMATION_FORMAT = "dwarf-with-dsym";
				ENABLE_NS_ASSERTIONS = NO;
				ENABLE_STRICT_OBJC_MSGSEND = YES;
				GCC_C_LANGUAGE_STANDARD = gnu11;
				GCC_NO_COMMON_BLOCKS = YES;
				GCC_WARN_64_TO_32_BIT_CONVERSION = YES;
				GCC_WARN_ABOUT_RETURN_TYPE = YES_ERROR;
				GCC_WARN_UNDECLARED_SELECTOR = YES;
				GCC_WARN_UNINITIALIZED_AUTOS = YES_AGGRESSIVE;
				GCC_WARN_UNUSED_FUNCTION = YES;
				GCC_WARN_UNUSED_VARIABLE = YES;
				IPHONEOS_DEPLOYMENT_TARGET = 13.4;
				MTL_ENABLE_DEBUG_INFO = NO;
				MTL_FAST_MATH = YES;
				SDKROOT = iphoneos;
				SWIFT_COMPILATION_MODE = wholemodule;
				SWIFT_OPTIMIZATION_LEVEL = "-O";
				VALIDATE_PRODUCT = YES;
			};
			name = Release;
		};
		811DDC21243B9D6B00AA50AC /* Debug */ = {
			isa = XCBuildConfiguration;
			baseConfigurationReference = 263BC84DB5FD200C195D5541 /* Pods-AppStore APIs.debug.xcconfig */;
			buildSettings = {
				ASSETCATALOG_COMPILER_APPICON_NAME = AppIcon;
				CODE_SIGN_STYLE = Automatic;
				DEVELOPMENT_TEAM = XM9V6QDM3G;
				INFOPLIST_FILE = "AppStore APIs/Info.plist";
				LD_RUNPATH_SEARCH_PATHS = (
					"$(inherited)",
					"@executable_path/Frameworks",
				);
				PRODUCT_BUNDLE_IDENTIFIER = "com.elias.myronidis.AppStore-APIs";
				PRODUCT_NAME = "$(TARGET_NAME)";
				SWIFT_VERSION = 5.0;
				TARGETED_DEVICE_FAMILY = "1,2";
			};
			name = Debug;
		};
		811DDC22243B9D6B00AA50AC /* Release */ = {
			isa = XCBuildConfiguration;
			baseConfigurationReference = 5B575516B72E251F5A03B1F8 /* Pods-AppStore APIs.release.xcconfig */;
			buildSettings = {
				ASSETCATALOG_COMPILER_APPICON_NAME = AppIcon;
				CODE_SIGN_STYLE = Automatic;
				DEVELOPMENT_TEAM = XM9V6QDM3G;
				INFOPLIST_FILE = "AppStore APIs/Info.plist";
				LD_RUNPATH_SEARCH_PATHS = (
					"$(inherited)",
					"@executable_path/Frameworks",
				);
				PRODUCT_BUNDLE_IDENTIFIER = "com.elias.myronidis.AppStore-APIs";
				PRODUCT_NAME = "$(TARGET_NAME)";
				SWIFT_VERSION = 5.0;
				TARGETED_DEVICE_FAMILY = "1,2";
			};
			name = Release;
		};
/* End XCBuildConfiguration section */

/* Begin XCConfigurationList section */
		811DDC07243B9D6A00AA50AC /* Build configuration list for PBXProject "AppStore APIs" */ = {
			isa = XCConfigurationList;
			buildConfigurations = (
				811DDC1E243B9D6B00AA50AC /* Debug */,
				811DDC1F243B9D6B00AA50AC /* Release */,
			);
			defaultConfigurationIsVisible = 0;
			defaultConfigurationName = Release;
		};
		811DDC20243B9D6B00AA50AC /* Build configuration list for PBXNativeTarget "AppStore APIs" */ = {
			isa = XCConfigurationList;
			buildConfigurations = (
				811DDC21243B9D6B00AA50AC /* Debug */,
				811DDC22243B9D6B00AA50AC /* Release */,
			);
			defaultConfigurationIsVisible = 0;
			defaultConfigurationName = Release;
		};
/* End XCConfigurationList section */
	};
	rootObject = 811DDC04243B9D6A00AA50AC /* Project object */;
}
